
Microsoft Visual Studio Solution File, Format Version 12.00
# Visual Studio Version 17
VisualStudioVersion = 17.0.31912.275
MinimumVisualStudioVersion = 10.0.40219.1
Project("{2150E333-8FDC-42A3-9474-1A3956D46DE8}") = "2. src", "2. src", "{AE3746B0-99A5-4106-A683-A1524CF78CEB}"
EndProject
Project("{9A19103F-16F7-4668-BE54-9A1E7A4F7556}") = "Bellight.Core", "src\Bellight.Core\Bellight.Core.csproj", "{8DFEAB56-2990-4AD3-9ECD-30AA978281EA}"
EndProject
Project("{2150E333-8FDC-42A3-9474-1A3956D46DE8}") = "4. tests", "4. tests", "{D17CD2D9-0F7F-41EA-BB18-266FC3557E0C}"
EndProject
Project("{2150E333-8FDC-42A3-9474-1A3956D46DE8}") = "3. demo", "3. demo", "{0B340B7A-59E6-45F9-8CAD-3E505F059671}"
EndProject
Project("{9A19103F-16F7-4668-BE54-9A1E7A4F7556}") = "SimpleIoC", "demo\SimpleIoC\SimpleIoC.csproj", "{806A66DF-DD92-40C7-B648-35F15A4B4754}"
EndProject
Project("{2150E333-8FDC-42A3-9474-1A3956D46DE8}") = "1. SolutionItems", "1. SolutionItems", "{1096F654-D231-497F-A184-7BA288673A9C}"
	ProjectSection(SolutionItems) = preProject
		.gitignore = .gitignore
		build.cake = build.cake
		build.ps1 = build.ps1
		build.sh = build.sh
		LICENSE.txt = LICENSE.txt
	EndProjectSection
EndProject
Project("{9A19103F-16F7-4668-BE54-9A1E7A4F7556}") = "Bellight.Configurations", "src\Bellight.Configurations\Bellight.Configurations.csproj", "{D7636966-AB97-4D5C-A72E-16B507623D86}"
EndProject
Project("{9A19103F-16F7-4668-BE54-9A1E7A4F7556}") = "ConsoleConfigurations", "demo\ConsoleConfigurations\ConsoleConfigurations.csproj", "{CF508365-9246-436D-AFCF-CADFB9CF97EC}"
EndProject
Project("{9A19103F-16F7-4668-BE54-9A1E7A4F7556}") = "Bellight.AutoMapper", "src\Bellight.AutoMapper\Bellight.AutoMapper.csproj", "{6FD63283-E440-44DB-8BDB-ECB8F142DA27}"
EndProject
Project("{9A19103F-16F7-4668-BE54-9A1E7A4F7556}") = "ConsoleAutoMapper", "demo\ConsoleAutoMapper\ConsoleAutoMapper.csproj", "{F31DC290-4F3C-4DEE-98E9-254907697B8B}"
EndProject
Project("{9A19103F-16F7-4668-BE54-9A1E7A4F7556}") = "Bellight.MediatR", "src\Bellight.MediatR\Bellight.MediatR.csproj", "{A8A57070-DFD9-482E-8477-1824AE9FFD30}"
EndProject
Project("{9A19103F-16F7-4668-BE54-9A1E7A4F7556}") = "MediatrTests", "demo\MediatrTests\MediatrTests.csproj", "{22C4CBD0-98DE-48ED-B8BA-8953C8D60B4B}"
EndProject
Project("{9A19103F-16F7-4668-BE54-9A1E7A4F7556}") = "Bellight.MessageBus.Abstractions", "src\Bellight.MessageBus.Abstractions\Bellight.MessageBus.Abstractions.csproj", "{8D3370E2-CE0D-41BF-AF25-37E407AA07D9}"
EndProject
Project("{9A19103F-16F7-4668-BE54-9A1E7A4F7556}") = "Bellight.MessageBus.Amqp", "src\Bellight.MessageBus.Amqp\Bellight.MessageBus.Amqp.csproj", "{235FD6C4-4028-4510-9CA4-0D0499FB46C7}"
EndProject
Project("{9A19103F-16F7-4668-BE54-9A1E7A4F7556}") = "UtilitiesTests", "demo\UtilitiesTests\UtilitiesTests.csproj", "{0DDCAF27-5D36-43BA-8E9D-FFF7B02C3593}"
EndProject
Project("{9A19103F-16F7-4668-BE54-9A1E7A4F7556}") = "MessageBusPublisher", "demo\MessageBus\MessageBusPublisher\MessageBusPublisher.csproj", "{7FB543B3-B783-4A7C-82BE-2C173D7A8BE5}"
EndProject
Project("{9A19103F-16F7-4668-BE54-9A1E7A4F7556}") = "MessageBusSubscriber", "demo\MessageBus\MessageBusSubscriber\MessageBusSubscriber.csproj", "{6A841E8A-25C1-49FB-B913-E22C972A7798}"
EndProject
Project("{9A19103F-16F7-4668-BE54-9A1E7A4F7556}") = "MessageBusPublisherWeb", "demo\MessageBusPublisherWeb\MessageBusPublisherWeb.csproj", "{E683B926-489A-4ABE-9EC3-0F1CE3EA3104}"
EndProject
Project("{FAE04EC0-301F-11D3-BF4B-00C04F79EFBC}") = "Bellight.DataManagement", "src\Bellight.DataManagement\Bellight.DataManagement.csproj", "{0BCB7747-F8F2-47EF-85D4-C16D7F671BE8}"
EndProject
Project("{FAE04EC0-301F-11D3-BF4B-00C04F79EFBC}") = "Bellight.MongoDb", "src\Bellight.MongoDb\Bellight.MongoDb.csproj", "{45DCC91D-4569-4194-B3B9-5A96D6C721ED}"
EndProject
Global
	GlobalSection(SolutionConfigurationPlatforms) = preSolution
		Debug|Any CPU = Debug|Any CPU
		Release|Any CPU = Release|Any CPU
	EndGlobalSection
	GlobalSection(ProjectConfigurationPlatforms) = postSolution
		{8DFEAB56-2990-4AD3-9ECD-30AA978281EA}.Debug|Any CPU.ActiveCfg = Debug|Any CPU
		{8DFEAB56-2990-4AD3-9ECD-30AA978281EA}.Debug|Any CPU.Build.0 = Debug|Any CPU
		{8DFEAB56-2990-4AD3-9ECD-30AA978281EA}.Release|Any CPU.ActiveCfg = Release|Any CPU
		{8DFEAB56-2990-4AD3-9ECD-30AA978281EA}.Release|Any CPU.Build.0 = Release|Any CPU
		{806A66DF-DD92-40C7-B648-35F15A4B4754}.Debug|Any CPU.ActiveCfg = Debug|Any CPU
		{806A66DF-DD92-40C7-B648-35F15A4B4754}.Debug|Any CPU.Build.0 = Debug|Any CPU
		{806A66DF-DD92-40C7-B648-35F15A4B4754}.Release|Any CPU.ActiveCfg = Release|Any CPU
		{806A66DF-DD92-40C7-B648-35F15A4B4754}.Release|Any CPU.Build.0 = Release|Any CPU
		{D7636966-AB97-4D5C-A72E-16B507623D86}.Debug|Any CPU.ActiveCfg = Debug|Any CPU
		{D7636966-AB97-4D5C-A72E-16B507623D86}.Debug|Any CPU.Build.0 = Debug|Any CPU
		{D7636966-AB97-4D5C-A72E-16B507623D86}.Release|Any CPU.ActiveCfg = Release|Any CPU
		{D7636966-AB97-4D5C-A72E-16B507623D86}.Release|Any CPU.Build.0 = Release|Any CPU
		{CF508365-9246-436D-AFCF-CADFB9CF97EC}.Debug|Any CPU.ActiveCfg = Debug|Any CPU
		{CF508365-9246-436D-AFCF-CADFB9CF97EC}.Debug|Any CPU.Build.0 = Debug|Any CPU
		{CF508365-9246-436D-AFCF-CADFB9CF97EC}.Release|Any CPU.ActiveCfg = Release|Any CPU
		{CF508365-9246-436D-AFCF-CADFB9CF97EC}.Release|Any CPU.Build.0 = Release|Any CPU
		{6FD63283-E440-44DB-8BDB-ECB8F142DA27}.Debug|Any CPU.ActiveCfg = Debug|Any CPU
		{6FD63283-E440-44DB-8BDB-ECB8F142DA27}.Debug|Any CPU.Build.0 = Debug|Any CPU
		{6FD63283-E440-44DB-8BDB-ECB8F142DA27}.Release|Any CPU.ActiveCfg = Release|Any CPU
		{6FD63283-E440-44DB-8BDB-ECB8F142DA27}.Release|Any CPU.Build.0 = Release|Any CPU
		{F31DC290-4F3C-4DEE-98E9-254907697B8B}.Debug|Any CPU.ActiveCfg = Debug|Any CPU
		{F31DC290-4F3C-4DEE-98E9-254907697B8B}.Debug|Any CPU.Build.0 = Debug|Any CPU
		{F31DC290-4F3C-4DEE-98E9-254907697B8B}.Release|Any CPU.ActiveCfg = Release|Any CPU
		{F31DC290-4F3C-4DEE-98E9-254907697B8B}.Release|Any CPU.Build.0 = Release|Any CPU
		{A8A57070-DFD9-482E-8477-1824AE9FFD30}.Debug|Any CPU.ActiveCfg = Debug|Any CPU
		{A8A57070-DFD9-482E-8477-1824AE9FFD30}.Debug|Any CPU.Build.0 = Debug|Any CPU
		{A8A57070-DFD9-482E-8477-1824AE9FFD30}.Release|Any CPU.ActiveCfg = Release|Any CPU
		{A8A57070-DFD9-482E-8477-1824AE9FFD30}.Release|Any CPU.Build.0 = Release|Any CPU
		{22C4CBD0-98DE-48ED-B8BA-8953C8D60B4B}.Debug|Any CPU.ActiveCfg = Debug|Any CPU
		{22C4CBD0-98DE-48ED-B8BA-8953C8D60B4B}.Debug|Any CPU.Build.0 = Debug|Any CPU
		{22C4CBD0-98DE-48ED-B8BA-8953C8D60B4B}.Release|Any CPU.ActiveCfg = Release|Any CPU
		{22C4CBD0-98DE-48ED-B8BA-8953C8D60B4B}.Release|Any CPU.Build.0 = Release|Any CPU
		{8D3370E2-CE0D-41BF-AF25-37E407AA07D9}.Debug|Any CPU.ActiveCfg = Debug|Any CPU
		{8D3370E2-CE0D-41BF-AF25-37E407AA07D9}.Debug|Any CPU.Build.0 = Debug|Any CPU
		{8D3370E2-CE0D-41BF-AF25-37E407AA07D9}.Release|Any CPU.ActiveCfg = Release|Any CPU
		{8D3370E2-CE0D-41BF-AF25-37E407AA07D9}.Release|Any CPU.Build.0 = Release|Any CPU
		{235FD6C4-4028-4510-9CA4-0D0499FB46C7}.Debug|Any CPU.ActiveCfg = Debug|Any CPU
		{235FD6C4-4028-4510-9CA4-0D0499FB46C7}.Debug|Any CPU.Build.0 = Debug|Any CPU
		{235FD6C4-4028-4510-9CA4-0D0499FB46C7}.Release|Any CPU.ActiveCfg = Release|Any CPU
		{235FD6C4-4028-4510-9CA4-0D0499FB46C7}.Release|Any CPU.Build.0 = Release|Any CPU
		{0DDCAF27-5D36-43BA-8E9D-FFF7B02C3593}.Debug|Any CPU.ActiveCfg = Debug|Any CPU
		{0DDCAF27-5D36-43BA-8E9D-FFF7B02C3593}.Debug|Any CPU.Build.0 = Debug|Any CPU
		{0DDCAF27-5D36-43BA-8E9D-FFF7B02C3593}.Release|Any CPU.ActiveCfg = Release|Any CPU
		{0DDCAF27-5D36-43BA-8E9D-FFF7B02C3593}.Release|Any CPU.Build.0 = Release|Any CPU
		{7FB543B3-B783-4A7C-82BE-2C173D7A8BE5}.Debug|Any CPU.ActiveCfg = Debug|Any CPU
		{7FB543B3-B783-4A7C-82BE-2C173D7A8BE5}.Debug|Any CPU.Build.0 = Debug|Any CPU
		{7FB543B3-B783-4A7C-82BE-2C173D7A8BE5}.Release|Any CPU.ActiveCfg = Release|Any CPU
		{7FB543B3-B783-4A7C-82BE-2C173D7A8BE5}.Release|Any CPU.Build.0 = Release|Any CPU
		{6A841E8A-25C1-49FB-B913-E22C972A7798}.Debug|Any CPU.ActiveCfg = Debug|Any CPU
		{6A841E8A-25C1-49FB-B913-E22C972A7798}.Debug|Any CPU.Build.0 = Debug|Any CPU
		{6A841E8A-25C1-49FB-B913-E22C972A7798}.Release|Any CPU.ActiveCfg = Release|Any CPU
		{6A841E8A-25C1-49FB-B913-E22C972A7798}.Release|Any CPU.Build.0 = Release|Any CPU
		{E683B926-489A-4ABE-9EC3-0F1CE3EA3104}.Debug|Any CPU.ActiveCfg = Debug|Any CPU
		{E683B926-489A-4ABE-9EC3-0F1CE3EA3104}.Debug|Any CPU.Build.0 = Debug|Any CPU
		{E683B926-489A-4ABE-9EC3-0F1CE3EA3104}.Release|Any CPU.ActiveCfg = Release|Any CPU
		{E683B926-489A-4ABE-9EC3-0F1CE3EA3104}.Release|Any CPU.Build.0 = Release|Any CPU
		{0BCB7747-F8F2-47EF-85D4-C16D7F671BE8}.Debug|Any CPU.ActiveCfg = Debug|Any CPU
		{0BCB7747-F8F2-47EF-85D4-C16D7F671BE8}.Debug|Any CPU.Build.0 = Debug|Any CPU
		{0BCB7747-F8F2-47EF-85D4-C16D7F671BE8}.Release|Any CPU.ActiveCfg = Release|Any CPU
		{0BCB7747-F8F2-47EF-85D4-C16D7F671BE8}.Release|Any CPU.Build.0 = Release|Any CPU
		{45DCC91D-4569-4194-B3B9-5A96D6C721ED}.Debug|Any CPU.ActiveCfg = Debug|Any CPU
		{45DCC91D-4569-4194-B3B9-5A96D6C721ED}.Debug|Any CPU.Build.0 = Debug|Any CPU
		{45DCC91D-4569-4194-B3B9-5A96D6C721ED}.Release|Any CPU.ActiveCfg = Release|Any CPU
		{45DCC91D-4569-4194-B3B9-5A96D6C721ED}.Release|Any CPU.Build.0 = Release|Any CPU
	EndGlobalSection
	GlobalSection(SolutionProperties) = preSolution
		HideSolutionNode = FALSE
	EndGlobalSection
	GlobalSection(NestedProjects) = preSolution
		{8DFEAB56-2990-4AD3-9ECD-30AA978281EA} = {AE3746B0-99A5-4106-A683-A1524CF78CEB}
		{806A66DF-DD92-40C7-B648-35F15A4B4754} = {0B340B7A-59E6-45F9-8CAD-3E505F059671}
		{D7636966-AB97-4D5C-A72E-16B507623D86} = {AE3746B0-99A5-4106-A683-A1524CF78CEB}
		{CF508365-9246-436D-AFCF-CADFB9CF97EC} = {0B340B7A-59E6-45F9-8CAD-3E505F059671}
		{6FD63283-E440-44DB-8BDB-ECB8F142DA27} = {AE3746B0-99A5-4106-A683-A1524CF78CEB}
		{F31DC290-4F3C-4DEE-98E9-254907697B8B} = {0B340B7A-59E6-45F9-8CAD-3E505F059671}
		{A8A57070-DFD9-482E-8477-1824AE9FFD30} = {AE3746B0-99A5-4106-A683-A1524CF78CEB}
		{22C4CBD0-98DE-48ED-B8BA-8953C8D60B4B} = {0B340B7A-59E6-45F9-8CAD-3E505F059671}
		{8D3370E2-CE0D-41BF-AF25-37E407AA07D9} = {AE3746B0-99A5-4106-A683-A1524CF78CEB}
		{235FD6C4-4028-4510-9CA4-0D0499FB46C7} = {AE3746B0-99A5-4106-A683-A1524CF78CEB}
		{0DDCAF27-5D36-43BA-8E9D-FFF7B02C3593} = {0B340B7A-59E6-45F9-8CAD-3E505F059671}
		{7FB543B3-B783-4A7C-82BE-2C173D7A8BE5} = {0B340B7A-59E6-45F9-8CAD-3E505F059671}
		{6A841E8A-25C1-49FB-B913-E22C972A7798} = {0B340B7A-59E6-45F9-8CAD-3E505F059671}
		{E683B926-489A-4ABE-9EC3-0F1CE3EA3104} = {0B340B7A-59E6-45F9-8CAD-3E505F059671}
		{0BCB7747-F8F2-47EF-85D4-C16D7F671BE8} = {AE3746B0-99A5-4106-A683-A1524CF78CEB}
		{45DCC91D-4569-4194-B3B9-5A96D6C721ED} = {AE3746B0-99A5-4106-A683-A1524CF78CEB}
	EndGlobalSection
	GlobalSection(ExtensibilityGlobals) = postSolution
		SolutionGuid = {34BCAF91-77E2-4023-881F-46C93E351321}
	EndGlobalSection
EndGlobal
