
Microsoft Visual Studio Solution File, Format Version 12.00
# Visual Studio Version 16
VisualStudioVersion = 16.0.28922.388
MinimumVisualStudioVersion = 10.0.40219.1
Project("{2150E333-8FDC-42A3-9474-1A3956D46DE8}") = "2. src", "2. src", "{AE3746B0-99A5-4106-A683-A1524CF78CEB}"
EndProject
Project("{9A19103F-16F7-4668-BE54-9A1E7A4F7556}") = "Bellight.Core", "src\Bellight.Core\Bellight.Core.csproj", "{8DFEAB56-2990-4AD3-9ECD-30AA978281EA}"
EndProject
Project("{2150E333-8FDC-42A3-9474-1A3956D46DE8}") = "4. tests", "4. tests", "{D17CD2D9-0F7F-41EA-BB18-266FC3557E0C}"
EndProject
Project("{2150E333-8FDC-42A3-9474-1A3956D46DE8}") = "3. demo", "3. demo", "{0B340B7A-59E6-45F9-8CAD-3E505F059671}"
EndProject
Project("{9A19103F-16F7-4668-BE54-9A1E7A4F7556}") = "SimpleIoC", "demo\SimpleIoC\SimpleIoC.csproj", "{806A66DF-DD92-40C7-B648-35F15A4B4754}"
EndProject
Project("{2150E333-8FDC-42A3-9474-1A3956D46DE8}") = "1. SolutionItems", "1. SolutionItems", "{1096F654-D231-497F-A184-7BA288673A9C}"
	ProjectSection(SolutionItems) = preProject
		.gitignore = .gitignore
		build.cake = build.cake
		build.ps1 = build.ps1
		build.sh = build.sh
		LICENSE.txt = LICENSE.txt
	EndProjectSection
EndProject
Project("{9A19103F-16F7-4668-BE54-9A1E7A4F7556}") = "Bellight.Configurations", "src\Bellight.Configurations\Bellight.Configurations.csproj", "{D7636966-AB97-4D5C-A72E-16B507623D86}"
EndProject
Project("{9A19103F-16F7-4668-BE54-9A1E7A4F7556}") = "Bellight.Queue.Abstractions", "src\Bellight.Queue.Abstractions\Bellight.Queue.Abstractions.csproj", "{AF17C9B5-C034-4E2E-A237-667087232E04}"
EndProject
Project("{9A19103F-16F7-4668-BE54-9A1E7A4F7556}") = "Bellight.Queue.KafkaProvider", "src\Bellight.Queue.KafkaProvider\Bellight.Queue.KafkaProvider.csproj", "{02C9B59F-E780-409D-BB34-9C02311E950E}"
EndProject
Project("{9A19103F-16F7-4668-BE54-9A1E7A4F7556}") = "ConsoleConfigurations", "demo\ConsoleConfigurations\ConsoleConfigurations.csproj", "{CF508365-9246-436D-AFCF-CADFB9CF97EC}"
EndProject
Project("{9A19103F-16F7-4668-BE54-9A1E7A4F7556}") = "Bellight.AutoMapper", "src\Bellight.AutoMapper\Bellight.AutoMapper.csproj", "{6FD63283-E440-44DB-8BDB-ECB8F142DA27}"
EndProject
Project("{9A19103F-16F7-4668-BE54-9A1E7A4F7556}") = "ConsoleAutoMapper", "demo\ConsoleAutoMapper\ConsoleAutoMapper.csproj", "{F31DC290-4F3C-4DEE-98E9-254907697B8B}"
EndProject
Project("{9A19103F-16F7-4668-BE54-9A1E7A4F7556}") = "Bellight.MessageBus.Abstractions", "src\Bellight.MessageBus.Abstractions\Bellight.MessageBus.Abstractions.csproj", "{6644945A-3BC0-4965-9BB6-883DC050F0B4}"
EndProject
Project("{9A19103F-16F7-4668-BE54-9A1E7A4F7556}") = "Bellight.MessageBus.Amqp", "src\Bellight.MessageBus.Amqp\Bellight.MessageBus.Amqp.csproj", "{CB9AD703-279C-42F6-8238-BF3DF234C0B8}"
EndProject
Project("{2150E333-8FDC-42A3-9474-1A3956D46DE8}") = "MessageBus", "MessageBus", "{3372DF3C-9633-4288-A438-6987DA5B75E3}"
EndProject
Project("{FAE04EC0-301F-11D3-BF4B-00C04F79EFBC}") = "MessageBusPublisher", "demo\MessageBus\MessageBusPublisher\MessageBusPublisher.csproj", "{0E281F40-66B7-4161-9806-43461347546E}"
EndProject
Project("{FAE04EC0-301F-11D3-BF4B-00C04F79EFBC}") = "MessageBusSubscriber", "demo\MessageBus\MessageBusSubscriber\MessageBusSubscriber.csproj", "{2374BB38-4041-40A6-99A4-2671399B2C98}"
EndProject
Global
	GlobalSection(SolutionConfigurationPlatforms) = preSolution
		Debug|Any CPU = Debug|Any CPU
		Release|Any CPU = Release|Any CPU
	EndGlobalSection
	GlobalSection(ProjectConfigurationPlatforms) = postSolution
		{8DFEAB56-2990-4AD3-9ECD-30AA978281EA}.Debug|Any CPU.ActiveCfg = Debug|Any CPU
		{8DFEAB56-2990-4AD3-9ECD-30AA978281EA}.Debug|Any CPU.Build.0 = Debug|Any CPU
		{8DFEAB56-2990-4AD3-9ECD-30AA978281EA}.Release|Any CPU.ActiveCfg = Release|Any CPU
		{8DFEAB56-2990-4AD3-9ECD-30AA978281EA}.Release|Any CPU.Build.0 = Release|Any CPU
		{806A66DF-DD92-40C7-B648-35F15A4B4754}.Debug|Any CPU.ActiveCfg = Debug|Any CPU
		{806A66DF-DD92-40C7-B648-35F15A4B4754}.Debug|Any CPU.Build.0 = Debug|Any CPU
		{806A66DF-DD92-40C7-B648-35F15A4B4754}.Release|Any CPU.ActiveCfg = Release|Any CPU
		{806A66DF-DD92-40C7-B648-35F15A4B4754}.Release|Any CPU.Build.0 = Release|Any CPU
		{D7636966-AB97-4D5C-A72E-16B507623D86}.Debug|Any CPU.ActiveCfg = Debug|Any CPU
		{D7636966-AB97-4D5C-A72E-16B507623D86}.Debug|Any CPU.Build.0 = Debug|Any CPU
		{D7636966-AB97-4D5C-A72E-16B507623D86}.Release|Any CPU.ActiveCfg = Release|Any CPU
		{D7636966-AB97-4D5C-A72E-16B507623D86}.Release|Any CPU.Build.0 = Release|Any CPU
		{AF17C9B5-C034-4E2E-A237-667087232E04}.Debug|Any CPU.ActiveCfg = Debug|Any CPU
		{AF17C9B5-C034-4E2E-A237-667087232E04}.Debug|Any CPU.Build.0 = Debug|Any CPU
		{AF17C9B5-C034-4E2E-A237-667087232E04}.Release|Any CPU.ActiveCfg = Release|Any CPU
		{AF17C9B5-C034-4E2E-A237-667087232E04}.Release|Any CPU.Build.0 = Release|Any CPU
		{02C9B59F-E780-409D-BB34-9C02311E950E}.Debug|Any CPU.ActiveCfg = Debug|Any CPU
		{02C9B59F-E780-409D-BB34-9C02311E950E}.Debug|Any CPU.Build.0 = Debug|Any CPU
		{02C9B59F-E780-409D-BB34-9C02311E950E}.Release|Any CPU.ActiveCfg = Release|Any CPU
		{02C9B59F-E780-409D-BB34-9C02311E950E}.Release|Any CPU.Build.0 = Release|Any CPU
		{CF508365-9246-436D-AFCF-CADFB9CF97EC}.Debug|Any CPU.ActiveCfg = Debug|Any CPU
		{CF508365-9246-436D-AFCF-CADFB9CF97EC}.Debug|Any CPU.Build.0 = Debug|Any CPU
		{CF508365-9246-436D-AFCF-CADFB9CF97EC}.Release|Any CPU.ActiveCfg = Release|Any CPU
		{CF508365-9246-436D-AFCF-CADFB9CF97EC}.Release|Any CPU.Build.0 = Release|Any CPU
		{6FD63283-E440-44DB-8BDB-ECB8F142DA27}.Debug|Any CPU.ActiveCfg = Debug|Any CPU
		{6FD63283-E440-44DB-8BDB-ECB8F142DA27}.Debug|Any CPU.Build.0 = Debug|Any CPU
		{6FD63283-E440-44DB-8BDB-ECB8F142DA27}.Release|Any CPU.ActiveCfg = Release|Any CPU
		{6FD63283-E440-44DB-8BDB-ECB8F142DA27}.Release|Any CPU.Build.0 = Release|Any CPU
		{F31DC290-4F3C-4DEE-98E9-254907697B8B}.Debug|Any CPU.ActiveCfg = Debug|Any CPU
		{F31DC290-4F3C-4DEE-98E9-254907697B8B}.Debug|Any CPU.Build.0 = Debug|Any CPU
		{F31DC290-4F3C-4DEE-98E9-254907697B8B}.Release|Any CPU.ActiveCfg = Release|Any CPU
		{F31DC290-4F3C-4DEE-98E9-254907697B8B}.Release|Any CPU.Build.0 = Release|Any CPU
		{6644945A-3BC0-4965-9BB6-883DC050F0B4}.Debug|Any CPU.ActiveCfg = Debug|Any CPU
		{6644945A-3BC0-4965-9BB6-883DC050F0B4}.Debug|Any CPU.Build.0 = Debug|Any CPU
		{6644945A-3BC0-4965-9BB6-883DC050F0B4}.Release|Any CPU.ActiveCfg = Release|Any CPU
		{6644945A-3BC0-4965-9BB6-883DC050F0B4}.Release|Any CPU.Build.0 = Release|Any CPU
		{CB9AD703-279C-42F6-8238-BF3DF234C0B8}.Debug|Any CPU.ActiveCfg = Debug|Any CPU
		{CB9AD703-279C-42F6-8238-BF3DF234C0B8}.Debug|Any CPU.Build.0 = Debug|Any CPU
		{CB9AD703-279C-42F6-8238-BF3DF234C0B8}.Release|Any CPU.ActiveCfg = Release|Any CPU
		{CB9AD703-279C-42F6-8238-BF3DF234C0B8}.Release|Any CPU.Build.0 = Release|Any CPU
		{0E281F40-66B7-4161-9806-43461347546E}.Debug|Any CPU.ActiveCfg = Debug|Any CPU
		{0E281F40-66B7-4161-9806-43461347546E}.Debug|Any CPU.Build.0 = Debug|Any CPU
		{0E281F40-66B7-4161-9806-43461347546E}.Release|Any CPU.ActiveCfg = Release|Any CPU
		{0E281F40-66B7-4161-9806-43461347546E}.Release|Any CPU.Build.0 = Release|Any CPU
		{2374BB38-4041-40A6-99A4-2671399B2C98}.Debug|Any CPU.ActiveCfg = Debug|Any CPU
		{2374BB38-4041-40A6-99A4-2671399B2C98}.Debug|Any CPU.Build.0 = Debug|Any CPU
		{2374BB38-4041-40A6-99A4-2671399B2C98}.Release|Any CPU.ActiveCfg = Release|Any CPU
		{2374BB38-4041-40A6-99A4-2671399B2C98}.Release|Any CPU.Build.0 = Release|Any CPU
	EndGlobalSection
	GlobalSection(SolutionProperties) = preSolution
		HideSolutionNode = FALSE
	EndGlobalSection
	GlobalSection(NestedProjects) = preSolution
		{8DFEAB56-2990-4AD3-9ECD-30AA978281EA} = {AE3746B0-99A5-4106-A683-A1524CF78CEB}
		{806A66DF-DD92-40C7-B648-35F15A4B4754} = {0B340B7A-59E6-45F9-8CAD-3E505F059671}
		{D7636966-AB97-4D5C-A72E-16B507623D86} = {AE3746B0-99A5-4106-A683-A1524CF78CEB}
		{AF17C9B5-C034-4E2E-A237-667087232E04} = {AE3746B0-99A5-4106-A683-A1524CF78CEB}
		{02C9B59F-E780-409D-BB34-9C02311E950E} = {AE3746B0-99A5-4106-A683-A1524CF78CEB}
		{CF508365-9246-436D-AFCF-CADFB9CF97EC} = {0B340B7A-59E6-45F9-8CAD-3E505F059671}
		{6FD63283-E440-44DB-8BDB-ECB8F142DA27} = {AE3746B0-99A5-4106-A683-A1524CF78CEB}
		{F31DC290-4F3C-4DEE-98E9-254907697B8B} = {0B340B7A-59E6-45F9-8CAD-3E505F059671}
		{6644945A-3BC0-4965-9BB6-883DC050F0B4} = {AE3746B0-99A5-4106-A683-A1524CF78CEB}
		{CB9AD703-279C-42F6-8238-BF3DF234C0B8} = {AE3746B0-99A5-4106-A683-A1524CF78CEB}
		{3372DF3C-9633-4288-A438-6987DA5B75E3} = {0B340B7A-59E6-45F9-8CAD-3E505F059671}
		{0E281F40-66B7-4161-9806-43461347546E} = {3372DF3C-9633-4288-A438-6987DA5B75E3}
		{2374BB38-4041-40A6-99A4-2671399B2C98} = {3372DF3C-9633-4288-A438-6987DA5B75E3}
	EndGlobalSection
	GlobalSection(ExtensibilityGlobals) = postSolution
		SolutionGuid = {34BCAF91-77E2-4023-881F-46C93E351321}
	EndGlobalSection
EndGlobal
